
Microsoft Visual Studio Solution File, Format Version 12.00
# Visual Studio 15
VisualStudioVersion = 15.0.28307.168
MinimumVisualStudioVersion = 10.0.40219.1
Project("{FAE04EC0-301F-11D3-BF4B-00C04F79EFBC}") = "compuzoneWPF", "compuzoneWPF\compuzoneWPF.csproj", "{ECD10E15-C5E8-462F-8088-8C8D3A712BB6}"
EndProject
Global
	GlobalSection(SolutionConfigurationPlatforms) = preSolution
		Debug|Any CPU = Debug|Any CPU
		Release|Any CPU = Release|Any CPU
	EndGlobalSection
	GlobalSection(ProjectConfigurationPlatforms) = postSolution
		{ECD10E15-C5E8-462F-8088-8C8D3A712BB6}.Debug|Any CPU.ActiveCfg = Debug|Any CPU
		{ECD10E15-C5E8-462F-8088-8C8D3A712BB6}.Debug|Any CPU.Build.0 = Debug|Any CPU
		{ECD10E15-C5E8-462F-8088-8C8D3A712BB6}.Release|Any CPU.ActiveCfg = Release|Any CPU
		{ECD10E15-C5E8-462F-8088-8C8D3A712BB6}.Release|Any CPU.Build.0 = Release|Any CPU
	EndGlobalSection
	GlobalSection(SolutionProperties) = preSolution
		HideSolutionNode = FALSE
	EndGlobalSection
	GlobalSection(ExtensibilityGlobals) = postSolution
		SolutionGuid = {55420E81-A952-41BE-A97C-6500444A7D7C}
	EndGlobalSection
EndGlobal
